{
  "name": "asp.net",
  "version": "1.0.0",
  "lockfileVersion": 3,
  "requires": true,
  "packages": {
    "": {
      "name": "asp.net",
      "version": "1.0.0",
      "devDependencies": {
        "@types/jquery": "3.5.29",
        "@types/jqueryui": "1.12.21",
        "@types/knockout": "3.4.77",
        "@types/knockout.mapping": "2.0.36",
        "bootstrap": "5.3.2",
        "jquery": "3.7.1",
        "jquery-migrate": "3.4.1",
        "knockout": "3.5.1",
        "knockout-mapping": "2.6.0",
        "webmidi": "3.1.8"
      }
    },
    "node_modules/@babel/runtime": {
      "version": "7.24.1",
      "resolved": "https://registry.npmjs.org/@babel/runtime/-/runtime-7.24.1.tgz",
      "integrity": "sha512-+BIznRzyqBf+2wCTxcKE3wDjfGeCoVE61KSHGpkzqrLi8qxqFwBeUFyId2cxkTmm55fzDGnm0+yCxaxygrLUnQ==",
      "dev": true,
      "dependencies": {
        "regenerator-runtime": "^0.14.0"
      },
      "engines": {
        "node": ">=6.9.0"
      }
    },
    "node_modules/@popperjs/core": {
      "version": "2.11.8",
      "resolved": "https://registry.npmjs.org/@popperjs/core/-/core-2.11.8.tgz",
      "integrity": "sha512-P1st0aksCrn9sGZhp8GMYwBnQsbvAWsZAX44oXNNvLHGqAOcoVxmjZiohstwQ7SqKnbR47akdNi+uleWD8+g6A==",
      "dev": true,
      "peer": true,
      "funding": {
        "type": "opencollective",
        "url": "https://opencollective.com/popperjs"
      }
    },
    "node_modules/@types/jquery": {
      "version": "3.5.29",
      "resolved": "https://registry.npmjs.org/@types/jquery/-/jquery-3.5.29.tgz",
      "integrity": "sha512-oXQQC9X9MOPRrMhPHHOsXqeQDnWeCDT3PelUIg/Oy8FAbzSZtFHRjc7IpbfFVmpLtJ+UOoywpRsuO5Jxjybyeg==",
      "dev": true,
      "dependencies": {
        "@types/sizzle": "*"
      }
    },
    "node_modules/@types/jqueryui": {
      "version": "1.12.21",
      "resolved": "https://registry.npmjs.org/@types/jqueryui/-/jqueryui-1.12.21.tgz",
      "integrity": "sha512-hsTOaWPg963smNdoHbEN2anu4vVWj9k2xuaZMIajWERPikaBRG49RmaDA/tb2HldX9/a0qHvQYKipXHSLhM3qA==",
      "dev": true,
      "dependencies": {
        "@types/jquery": "*"
      }
    },
    "node_modules/@types/knockout": {
      "version": "3.4.77",
      "resolved": "https://registry.npmjs.org/@types/knockout/-/knockout-3.4.77.tgz",
      "integrity": "sha512-RpujDayUysbJlpygCxDnMSOp7DeUIROcoIW0Xf85YkqoZ/DE5R2R4TcFhbgLaGTM5bi4QLTVSG/DUUc0wL4KmQ==",
      "dev": true
    },
    "node_modules/@types/knockout.mapping": {
      "version": "2.0.36",
      "resolved": "https://registry.npmjs.org/@types/knockout.mapping/-/knockout.mapping-2.0.36.tgz",
      "integrity": "sha512-NoXAYFtFhVeNv1kmd1XL16MGAEqReBHMifL7AE8yDRWaccznrclUpdxVaw5N3axk2+rlpTOwTZunlO31iJe5vw==",
      "dev": true,
      "dependencies": {
        "@types/knockout": "*"
      }
    },
    "node_modules/@types/sizzle": {
      "version": "2.3.8",
      "resolved": "https://registry.npmjs.org/@types/sizzle/-/sizzle-2.3.8.tgz",
      "integrity": "sha512-0vWLNK2D5MT9dg0iOo8GlKguPAU02QjmZitPEsXRuJXU/OGIOt9vT9Fc26wtYuavLxtO45v9PGleoL9Z0k1LHg==",
      "dev": true
    },
    "node_modules/@types/webmidi": {
      "version": "2.0.10",
      "resolved": "https://registry.npmjs.org/@types/webmidi/-/webmidi-2.0.10.tgz",
      "integrity": "sha512-4RmTFMB6mN2h8XbJa1x3cOs9IOkXvFyHGcPUpUvWfmATuKg/J+dsFiMVgCE2EkpS+/8a8AP2tE3rQT1mLG7vEg==",
      "dev": true,
      "optional": true
    },
    "node_modules/bootstrap": {
      "version": "5.3.2",
      "resolved": "https://registry.npmjs.org/bootstrap/-/bootstrap-5.3.2.tgz",
      "integrity": "sha512-D32nmNWiQHo94BKHLmOrdjlL05q1c8oxbtBphQFb9Z5to6eGRDCm0QgeaZ4zFBHzfg2++rqa2JkqCcxDy0sH0g==",
      "dev": true,
      "funding": [
        {
          "type": "github",
          "url": "https://github.com/sponsors/twbs"
        },
        {
          "type": "opencollective",
          "url": "https://opencollective.com/bootstrap"
        }
      ],
      "peerDependencies": {
        "@popperjs/core": "^2.11.8"
      }
    },
    "node_modules/djipevents": {
      "version": "2.0.7",
      "resolved": "https://registry.npmjs.org/djipevents/-/djipevents-2.0.7.tgz",
      "integrity": "sha512-KNFYaU85imxOCKOUsIR70Iz9E19r96/X7LSH+u0tSoZdpWcBdzoqtTsU+wuLhc6GMpSFob+KInkZAbfKi01Bjg==",
      "dev": true,
      "dependencies": {
        "@babel/runtime": "^7.20.6"
      }
    },
    "node_modules/jazz-midi": {
      "version": "1.7.9",
      "resolved": "https://registry.npmjs.org/jazz-midi/-/jazz-midi-1.7.9.tgz",
      "integrity": "sha512-c8c4BBgwxdsIr1iVm53nadCrtH7BUlnX3V95ciK/gbvXN/ndE5+POskBalXgqlc/r9p2XUbdLTrgrC6fou5p9w==",
      "dev": true,
      "optional": true,
      "engines": {
        "node": ">=10.0.0"
      }
    },
    "node_modules/jquery": {
      "version": "3.7.1",
      "resolved": "https://registry.npmjs.org/jquery/-/jquery-3.7.1.tgz",
      "integrity": "sha512-m4avr8yL8kmFN8psrbFFFmB/If14iN5o9nw/NgnnM+kybDJpRsAynV2BsfpTYrTRysYUdADVD7CkUUizgkpLfg==",
      "dev": true
    },
    "node_modules/jquery-migrate": {
      "version": "3.4.1",
      "resolved": "https://registry.npmjs.org/jquery-migrate/-/jquery-migrate-3.4.1.tgz",
      "integrity": "sha512-6RaV23lLAYccu8MtLfy2sIxOvx+bulnWHm/pvffAi7KOzPk1sN9IYglpkl1ZNCj1FSgSNDPS2fSZ1hWsXc200Q==",
      "dev": true,
      "peerDependencies": {
        "jquery": ">=3 <4"
      }
    },
    "node_modules/jzz": {
      "version": "1.8.1",
      "resolved": "https://registry.npmjs.org/jzz/-/jzz-1.8.1.tgz",
      "integrity": "sha512-L5jWc6xOB6FybF7vYJD/3pL29sCq/ZGW5sfg7dLEB07qcVH1zxUG9YxAC4jHfztzZu0oAaKe03QOV1rAFskhCw==",
      "dev": true,
      "optional": true,
      "dependencies": {
        "@types/webmidi": "^2.0.10",
        "jazz-midi": "^1.7.9"
      }
    },
    "node_modules/knockout": {
      "version": "3.5.1",
      "resolved": "https://registry.npmjs.org/knockout/-/knockout-3.5.1.tgz",
      "integrity": "sha512-wRJ9I4az0QcsH7A4v4l0enUpkS++MBx0BnL/68KaLzJg7x1qmbjSlwEoCNol7KTYZ+pmtI7Eh2J0Nu6/2Z5J/Q==",
      "dev": true
    },
    "node_modules/knockout-mapping": {
      "version": "2.6.0",
      "resolved": "https://registry.npmjs.org/knockout-mapping/-/knockout-mapping-2.6.0.tgz",
      "integrity": "sha512-Q4dh1RSU/54TRCbZCYCBHC462T64fgnYly6UOyzDA2h8CEgthtN/AL6rXYVmoKYTbRtfvVHyLalKztVOe85Pmw==",
      "dev": true,
      "peerDependencies": {
        "knockout": ">=2.2.0"
      }
    },
    "node_modules/regenerator-runtime": {
      "version": "0.14.1",
      "resolved": "https://registry.npmjs.org/regenerator-runtime/-/regenerator-runtime-0.14.1.tgz",
      "integrity": "sha512-dYnhHh0nJoMfnkZs6GmmhFknAGRrLznOu5nc9ML+EJxGvrx6H7teuevqVqCuPcPK//3eDrrjQhehXVx9cnkGdw==",
      "dev": true
    },
    "node_modules/webmidi": {
      "version": "3.1.8",
      "resolved": "https://registry.npmjs.org/webmidi/-/webmidi-3.1.8.tgz",
      "integrity": "sha512-PCRic1iTpKxeheb888G0mDe6MBdz/u+s/xfdV6+1ZhZnS6dKtV9gMBth5cpmMip2Livv5lL+ep4/S9DCzHfumg==",
      "dev": true,
      "dependencies": {
        "djipevents": "^2.0.7"
      },
      "engines": {
        "node": ">=8.5"
      },
      "optionalDependencies": {
        "jzz": "^1.5.6"
      }
    }
  }
}
